<?xml version="1.0" encoding="utf-8"?>
<Project ToolsVersion="4.0" xmlns="http://schemas.microsoft.com/developer/msbuild/2003">
  <ItemGroup>
    <ClInclude Include="images\batteryIcon.h" />
    <ClInclude Include="images\brakeTempIcon.h" />
    <ClInclude Include="images\fanIcon.h" />
    <ClInclude Include="images\logo.h" />
    <ClInclude Include="images\oilTempIcon.h" />
    <ClInclude Include="images\waterTempIcon.h" />
    <ClInclude Include="constants.h" />
    <ClInclude Include="Vehicle.h" />
    <ClInclude Include="CanListener.h" />
    <ClInclude Include="__vm\.LCD.vsarduino.h" />
  </ItemGroup>
  <ItemGroup>
    <None Include="LCD.ino" />
  </ItemGroup>
  <ItemGroup>
    <ClCompile Include="Vehicle.cpp" />
    <ClCompile Include="CanListener.cpp" />
  </ItemGroup>
</Project>